{
  "version": 1,
  "dependencies": {
    ".NETFramework,Version=v3.5": {
      "Microsoft.Windows.CsWin32": {
        "type": "Direct",
        "requested": "[0.2.209-beta, )",
        "resolved": "0.2.209-beta",
        "contentHash": "ybd045JCKNp5j2ybf6uJ70+SEQOBOLjv7lRqehhjCdp5aDP/hdSRYXObhAWCDD3mrdT9a+C3OCwaZRbXHBE/Yg==",
        "dependencies": {
          "Microsoft.Windows.SDK.Win32Docs": "0.1.12-alpha",
          "Microsoft.Windows.SDK.Win32Metadata": "46.0.5-preview"
        }
      },
      "PolySharp": {
        "type": "Direct",
        "requested": "[1.12.1, )",
        "resolved": "1.12.1",
        "contentHash": "/X82eNRZCcu73yacdakg+OoLSK3FEZRMJZMmJRQN5btxzVp7JoUPub+lZuCfBZ4yvmvypOi7q+TInM07+dTvSw=="
      },
      "Microsoft.Windows.SDK.Win32Docs": {
        "type": "Transitive",
        "resolved": "0.1.12-alpha",
        "contentHash": "DcKRcvQkTP+aT1Y+GcrzhmZJ9zEXpwqrcQZNER0k+ksLUDl0hsAFMqhpI4aqwEEXG1qbLyAINqcZHE47kpqt6Q=="
      },
      "Microsoft.Windows.SDK.Win32Metadata": {
        "type": "Transitive",
        "resolved": "46.0.5-preview",
        "contentHash": "sC8CCoLAgk7RFwDb5+40EqHWyYt67sVx3fRyFJNbk7LR3z119Om9BgL49l6KwRQlP+gr0r208Zny19e4PJ9JBA=="
      }
    },
    "net6.0-windows7.0": {
      "Microsoft.Windows.CsWin32": {
        "type": "Direct",
        "requested": "[0.2.209-beta, )",
        "resolved": "0.2.209-beta",
        "contentHash": "ybd045JCKNp5j2ybf6uJ70+SEQOBOLjv7lRqehhjCdp5aDP/hdSRYXObhAWCDD3mrdT9a+C3OCwaZRbXHBE/Yg==",
        "dependencies": {
          "Microsoft.Windows.SDK.Win32Docs": "0.1.12-alpha",
          "Microsoft.Windows.SDK.Win32Metadata": "46.0.5-preview",
          "System.Memory": "4.5.5",
          "System.Runtime.CompilerServices.Unsafe": "6.0.0"
        }
      },
      "PolySharp": {
        "type": "Direct",
        "requested": "[1.12.1, )",
        "resolved": "1.12.1",
        "contentHash": "/X82eNRZCcu73yacdakg+OoLSK3FEZRMJZMmJRQN5btxzVp7JoUPub+lZuCfBZ4yvmvypOi7q+TInM07+dTvSw=="
      },
      "Microsoft.Windows.SDK.Win32Docs": {
        "type": "Transitive",
        "resolved": "0.1.12-alpha",
        "contentHash": "DcKRcvQkTP+aT1Y+GcrzhmZJ9zEXpwqrcQZNER0k+ksLUDl0hsAFMqhpI4aqwEEXG1qbLyAINqcZHE47kpqt6Q=="
      },
      "Microsoft.Windows.SDK.Win32Metadata": {
        "type": "Transitive",
        "resolved": "46.0.5-preview",
        "contentHash": "sC8CCoLAgk7RFwDb5+40EqHWyYt67sVx3fRyFJNbk7LR3z119Om9BgL49l6KwRQlP+gr0r208Zny19e4PJ9JBA=="
      },
      "System.Memory": {
        "type": "Transitive",
        "resolved": "4.5.5",
        "contentHash": "XIWiDvKPXaTveaB7HVganDlOCRoj03l+jrwNvcge/t8vhGYKvqV+dMv6G4SAX2NoNmN0wZfVPTAlFwZcZvVOUw=="
      },
      "System.Runtime.CompilerServices.Unsafe": {
        "type": "Transitive",
        "resolved": "6.0.0",
        "contentHash": "/iUeP3tq1S0XdNNoMz5C9twLSrM/TH+qElHkXWaPvuNOt+99G75NrV0OS2EqHx5wMN7popYjpc8oTjC1y16DLg=="
      }
    }
  }
}